// !$*UTF8*$!
{
	archiveVersion = 1;
	classes = {
	};
	objectVersion = 50;
	objects = {

/* Begin PBXBuildFile section */
		49620EFE24010E0900C5F4B8 /* AppDelegate.swift in Sources */ = {isa = PBXBuildFile; fileRef = 49620EFD24010E0900C5F4B8 /* AppDelegate.swift */; };
		49620F0024010E0900C5F4B8 /* SceneDelegate.swift in Sources */ = {isa = PBXBuildFile; fileRef = 49620EFF24010E0900C5F4B8 /* SceneDelegate.swift */; };
		49620F0224010E0900C5F4B8 /* ContentView.swift in Sources */ = {isa = PBXBuildFile; fileRef = 49620F0124010E0900C5F4B8 /* ContentView.swift */; };
		49620F0424010E0C00C5F4B8 /* Assets.xcassets in Resources */ = {isa = PBXBuildFile; fileRef = 49620F0324010E0C00C5F4B8 /* Assets.xcassets */; };
		49620F0724010E0C00C5F4B8 /* Preview Assets.xcassets in Resources */ = {isa = PBXBuildFile; fileRef = 49620F0624010E0C00C5F4B8 /* Preview Assets.xcassets */; };
		49620F0A24010E0C00C5F4B8 /* LaunchScreen.storyboard in Resources */ = {isa = PBXBuildFile; fileRef = 49620F0824010E0C00C5F4B8 /* LaunchScreen.storyboard */; };
		49620F1524010E0C00C5F4B8 /* kendoTests.swift in Sources */ = {isa = PBXBuildFile; fileRef = 49620F1424010E0C00C5F4B8 /* kendoTests.swift */; };
		49620F2024010E0C00C5F4B8 /* kendoUITests.swift in Sources */ = {isa = PBXBuildFile; fileRef = 49620F1F24010E0C00C5F4B8 /* kendoUITests.swift */; };
		49620F2E24013D2A00C5F4B8 /* main.storyboard in Resources */ = {isa = PBXBuildFile; fileRef = 49620F2D24013D2A00C5F4B8 /* main.storyboard */; };
		49EB52AF24160F6700CCE1FD /* MainBackground.swift in Sources */ = {isa = PBXBuildFile; fileRef = 49EB52AE24160F6700CCE1FD /* MainBackground.swift */; };
		49EB52B12418199C00CCE1FD /* EditWorkoutView.swift in Sources */ = {isa = PBXBuildFile; fileRef = 49EB52B02418199C00CCE1FD /* EditWorkoutView.swift */; };
		49EB52B3241ABA9F00CCE1FD /* DeleteButton.swift in Sources */ = {isa = PBXBuildFile; fileRef = 49EB52B2241ABA9F00CCE1FD /* DeleteButton.swift */; };
		49EB52B5241AC12A00CCE1FD /* EditButton.swift in Sources */ = {isa = PBXBuildFile; fileRef = 49EB52B4241AC12A00CCE1FD /* EditButton.swift */; };
		49EB52B7241AC15D00CCE1FD /* NewWorkoutButton.swift in Sources */ = {isa = PBXBuildFile; fileRef = 49EB52B6241AC15D00CCE1FD /* NewWorkoutButton.swift */; };
		49EB52B9241AEC2700CCE1FD /* DetailWorkoutView.swift in Sources */ = {isa = PBXBuildFile; fileRef = 49EB52B8241AEC2700CCE1FD /* DetailWorkoutView.swift */; };
		49EB52BB241AF17300CCE1FD /* NewFormButton.swift in Sources */ = {isa = PBXBuildFile; fileRef = 49EB52BA241AF17300CCE1FD /* NewFormButton.swift */; };
		C56E127824275C3A00022708 /* EditFormView.swift in Sources */ = {isa = PBXBuildFile; fileRef = C56E127724275C3A00022708 /* EditFormView.swift */; };
		C56E127A2427669A00022708 /* Constants.swift in Sources */ = {isa = PBXBuildFile; fileRef = C56E12792427669A00022708 /* Constants.swift */; };
		C56E127C24285D5F00022708 /* WorkoutPreviewView.swift in Sources */ = {isa = PBXBuildFile; fileRef = C56E127B24285D5F00022708 /* WorkoutPreviewView.swift */; };
		C5B0B9CE24138110002F1F1E /* WorkoutFormEntry.swift in Sources */ = {isa = PBXBuildFile; fileRef = C5B0B9CD24138110002F1F1E /* WorkoutFormEntry.swift */; };
		C5B0B9D024138182002F1F1E /* WorkoutObject.swift in Sources */ = {isa = PBXBuildFile; fileRef = C5B0B9CF24138182002F1F1E /* WorkoutObject.swift */; };
		C5B0B9D4241384F1002F1F1E /* DesignDoc.rtf in Resources */ = {isa = PBXBuildFile; fileRef = C5B0B9D3241384F1002F1F1E /* DesignDoc.rtf */; };
		C5B0B9D62414334C002F1F1E /* MainView.swift in Sources */ = {isa = PBXBuildFile; fileRef = C5B0B9D52414334C002F1F1E /* MainView.swift */; };
		C5B0B9D82414393F002F1F1E /* MainViewController.swift in Sources */ = {isa = PBXBuildFile; fileRef = C5B0B9D72414393F002F1F1E /* MainViewController.swift */; };
		C5B0B9DA24143F0A002F1F1E /* WorkoutView.swift in Sources */ = {isa = PBXBuildFile; fileRef = C5B0B9D924143F0A002F1F1E /* WorkoutView.swift */; };
		C5B0B9DC2414462C002F1F1E /* ActiveWorkoutStore.swift in Sources */ = {isa = PBXBuildFile; fileRef = C5B0B9DB2414462C002F1F1E /* ActiveWorkoutStore.swift */; };
		C5B0B9E02415EC18002F1F1E /* PausedLabel.swift in Sources */ = {isa = PBXBuildFile; fileRef = C5B0B9DF2415EC18002F1F1E /* PausedLabel.swift */; };
		C5B0B9E22415F3B1002F1F1E /* PauseButton.swift in Sources */ = {isa = PBXBuildFile; fileRef = C5B0B9E12415F3B1002F1F1E /* PauseButton.swift */; };
/* End PBXBuildFile section */

/* Begin PBXContainerItemProxy section */
		49620F1124010E0C00C5F4B8 /* PBXContainerItemProxy */ = {
			isa = PBXContainerItemProxy;
			containerPortal = 49620EF224010E0900C5F4B8 /* Project object */;
			proxyType = 1;
			remoteGlobalIDString = 49620EF924010E0900C5F4B8;
			remoteInfo = kendo;
		};
		49620F1C24010E0C00C5F4B8 /* PBXContainerItemProxy */ = {
			isa = PBXContainerItemProxy;
			containerPortal = 49620EF224010E0900C5F4B8 /* Project object */;
			proxyType = 1;
			remoteGlobalIDString = 49620EF924010E0900C5F4B8;
			remoteInfo = kendo;
		};
/* End PBXContainerItemProxy section */

/* Begin PBXFileReference section */
		49620EFA24010E0900C5F4B8 /* kendo.app */ = {isa = PBXFileReference; explicitFileType = wrapper.application; includeInIndex = 0; path = kendo.app; sourceTree = BUILT_PRODUCTS_DIR; };
		49620EFD24010E0900C5F4B8 /* AppDelegate.swift */ = {isa = PBXFileReference; lastKnownFileType = sourcecode.swift; path = AppDelegate.swift; sourceTree = "<group>"; };
		49620EFF24010E0900C5F4B8 /* SceneDelegate.swift */ = {isa = PBXFileReference; lastKnownFileType = sourcecode.swift; path = SceneDelegate.swift; sourceTree = "<group>"; };
		49620F0124010E0900C5F4B8 /* ContentView.swift */ = {isa = PBXFileReference; lastKnownFileType = sourcecode.swift; path = ContentView.swift; sourceTree = "<group>"; };
		49620F0324010E0C00C5F4B8 /* Assets.xcassets */ = {isa = PBXFileReference; lastKnownFileType = folder.assetcatalog; path = Assets.xcassets; sourceTree = "<group>"; };
		49620F0624010E0C00C5F4B8 /* Preview Assets.xcassets */ = {isa = PBXFileReference; lastKnownFileType = folder.assetcatalog; path = "Preview Assets.xcassets"; sourceTree = "<group>"; };
		49620F0924010E0C00C5F4B8 /* Base */ = {isa = PBXFileReference; lastKnownFileType = file.storyboard; name = Base; path = Base.lproj/LaunchScreen.storyboard; sourceTree = "<group>"; };
		49620F0B24010E0C00C5F4B8 /* Info.plist */ = {isa = PBXFileReference; lastKnownFileType = text.plist.xml; path = Info.plist; sourceTree = "<group>"; };
		49620F1024010E0C00C5F4B8 /* kendoTests.xctest */ = {isa = PBXFileReference; explicitFileType = wrapper.cfbundle; includeInIndex = 0; path = kendoTests.xctest; sourceTree = BUILT_PRODUCTS_DIR; };
		49620F1424010E0C00C5F4B8 /* kendoTests.swift */ = {isa = PBXFileReference; lastKnownFileType = sourcecode.swift; path = kendoTests.swift; sourceTree = "<group>"; };
		49620F1624010E0C00C5F4B8 /* Info.plist */ = {isa = PBXFileReference; lastKnownFileType = text.plist.xml; path = Info.plist; sourceTree = "<group>"; };
		49620F1B24010E0C00C5F4B8 /* kendoUITests.xctest */ = {isa = PBXFileReference; explicitFileType = wrapper.cfbundle; includeInIndex = 0; path = kendoUITests.xctest; sourceTree = BUILT_PRODUCTS_DIR; };
		49620F1F24010E0C00C5F4B8 /* kendoUITests.swift */ = {isa = PBXFileReference; lastKnownFileType = sourcecode.swift; path = kendoUITests.swift; sourceTree = "<group>"; };
		49620F2124010E0C00C5F4B8 /* Info.plist */ = {isa = PBXFileReference; lastKnownFileType = text.plist.xml; path = Info.plist; sourceTree = "<group>"; };
		49620F2D24013D2A00C5F4B8 /* main.storyboard */ = {isa = PBXFileReference; lastKnownFileType = file.storyboard; path = main.storyboard; sourceTree = "<group>"; };
		49EB52AE24160F6700CCE1FD /* MainBackground.swift */ = {isa = PBXFileReference; lastKnownFileType = sourcecode.swift; path = MainBackground.swift; sourceTree = "<group>"; };
		49EB52B02418199C00CCE1FD /* EditWorkoutView.swift */ = {isa = PBXFileReference; lastKnownFileType = sourcecode.swift; path = EditWorkoutView.swift; sourceTree = "<group>"; };
		49EB52B2241ABA9F00CCE1FD /* DeleteButton.swift */ = {isa = PBXFileReference; lastKnownFileType = sourcecode.swift; path = DeleteButton.swift; sourceTree = "<group>"; };
		49EB52B4241AC12A00CCE1FD /* EditButton.swift */ = {isa = PBXFileReference; lastKnownFileType = sourcecode.swift; path = EditButton.swift; sourceTree = "<group>"; };
		49EB52B6241AC15D00CCE1FD /* NewWorkoutButton.swift */ = {isa = PBXFileReference; lastKnownFileType = sourcecode.swift; path = NewWorkoutButton.swift; sourceTree = "<group>"; };
		49EB52B8241AEC2700CCE1FD /* DetailWorkoutView.swift */ = {isa = PBXFileReference; lastKnownFileType = sourcecode.swift; path = DetailWorkoutView.swift; sourceTree = "<group>"; };
		49EB52BA241AF17300CCE1FD /* NewFormButton.swift */ = {isa = PBXFileReference; lastKnownFileType = sourcecode.swift; path = NewFormButton.swift; sourceTree = "<group>"; };
		C56E127724275C3A00022708 /* EditFormView.swift */ = {isa = PBXFileReference; lastKnownFileType = sourcecode.swift; path = EditFormView.swift; sourceTree = "<group>"; };
		C56E12792427669A00022708 /* Constants.swift */ = {isa = PBXFileReference; lastKnownFileType = sourcecode.swift; path = Constants.swift; sourceTree = "<group>"; };
		C56E127B24285D5F00022708 /* WorkoutPreviewView.swift */ = {isa = PBXFileReference; lastKnownFileType = sourcecode.swift; path = WorkoutPreviewView.swift; sourceTree = "<group>"; };
		C5B0B9CD24138110002F1F1E /* WorkoutFormEntry.swift */ = {isa = PBXFileReference; lastKnownFileType = sourcecode.swift; path = WorkoutFormEntry.swift; sourceTree = "<group>"; };
		C5B0B9CF24138182002F1F1E /* WorkoutObject.swift */ = {isa = PBXFileReference; lastKnownFileType = sourcecode.swift; path = WorkoutObject.swift; sourceTree = "<group>"; };
		C5B0B9D3241384F1002F1F1E /* DesignDoc.rtf */ = {isa = PBXFileReference; lastKnownFileType = text.rtf; path = DesignDoc.rtf; sourceTree = "<group>"; };
		C5B0B9D52414334C002F1F1E /* MainView.swift */ = {isa = PBXFileReference; lastKnownFileType = sourcecode.swift; path = MainView.swift; sourceTree = "<group>"; };
		C5B0B9D72414393F002F1F1E /* MainViewController.swift */ = {isa = PBXFileReference; lastKnownFileType = sourcecode.swift; path = MainViewController.swift; sourceTree = "<group>"; };
		C5B0B9D924143F0A002F1F1E /* WorkoutView.swift */ = {isa = PBXFileReference; lastKnownFileType = sourcecode.swift; path = WorkoutView.swift; sourceTree = "<group>"; };
		C5B0B9DB2414462C002F1F1E /* ActiveWorkoutStore.swift */ = {isa = PBXFileReference; lastKnownFileType = sourcecode.swift; path = ActiveWorkoutStore.swift; sourceTree = "<group>"; };
		C5B0B9DF2415EC18002F1F1E /* PausedLabel.swift */ = {isa = PBXFileReference; lastKnownFileType = sourcecode.swift; path = PausedLabel.swift; sourceTree = "<group>"; };
		C5B0B9E12415F3B1002F1F1E /* PauseButton.swift */ = {isa = PBXFileReference; lastKnownFileType = sourcecode.swift; path = PauseButton.swift; sourceTree = "<group>"; };
/* End PBXFileReference section */

/* Begin PBXFrameworksBuildPhase section */
		49620EF724010E0900C5F4B8 /* Frameworks */ = {
			isa = PBXFrameworksBuildPhase;
			buildActionMask = 2147483647;
			files = (
			);
			runOnlyForDeploymentPostprocessing = 0;
		};
		49620F0D24010E0C00C5F4B8 /* Frameworks */ = {
			isa = PBXFrameworksBuildPhase;
			buildActionMask = 2147483647;
			files = (
			);
			runOnlyForDeploymentPostprocessing = 0;
		};
		49620F1824010E0C00C5F4B8 /* Frameworks */ = {
			isa = PBXFrameworksBuildPhase;
			buildActionMask = 2147483647;
			files = (
			);
			runOnlyForDeploymentPostprocessing = 0;
		};
/* End PBXFrameworksBuildPhase section */

/* Begin PBXGroup section */
		49620EF124010E0900C5F4B8 = {
			isa = PBXGroup;
			children = (
				49620EFC24010E0900C5F4B8 /* kendo */,
				49620F1324010E0C00C5F4B8 /* kendoTests */,
				49620F1E24010E0C00C5F4B8 /* kendoUITests */,
				49620EFB24010E0900C5F4B8 /* Products */,
			);
			sourceTree = "<group>";
		};
		49620EFB24010E0900C5F4B8 /* Products */ = {
			isa = PBXGroup;
			children = (
				49620EFA24010E0900C5F4B8 /* kendo.app */,
				49620F1024010E0C00C5F4B8 /* kendoTests.xctest */,
				49620F1B24010E0C00C5F4B8 /* kendoUITests.xctest */,
			);
			name = Products;
			sourceTree = "<group>";
		};
		49620EFC24010E0900C5F4B8 /* kendo */ = {
			isa = PBXGroup;
			children = (
				C5B0B9DF2415EC18002F1F1E /* PausedLabel.swift */,
				C5B0B9E12415F3B1002F1F1E /* PauseButton.swift */,
				49620EFD24010E0900C5F4B8 /* AppDelegate.swift */,
				C56E12792427669A00022708 /* Constants.swift */,
				49620EFF24010E0900C5F4B8 /* SceneDelegate.swift */,
				49620F0124010E0900C5F4B8 /* ContentView.swift */,
				C5B0B9D52414334C002F1F1E /* MainView.swift */,
				C56E127B24285D5F00022708 /* WorkoutPreviewView.swift */,
				C5B0B9D924143F0A002F1F1E /* WorkoutView.swift */,
				C5B0B9DB2414462C002F1F1E /* ActiveWorkoutStore.swift */,
				C5B0B9D72414393F002F1F1E /* MainViewController.swift */,
				C5B0B9CD24138110002F1F1E /* WorkoutFormEntry.swift */,
				C5B0B9D3241384F1002F1F1E /* DesignDoc.rtf */,
				C5B0B9CF24138182002F1F1E /* WorkoutObject.swift */,
				49620F0324010E0C00C5F4B8 /* Assets.xcassets */,
				49620F0824010E0C00C5F4B8 /* LaunchScreen.storyboard */,
				49620F0B24010E0C00C5F4B8 /* Info.plist */,
				49620F0524010E0C00C5F4B8 /* Preview Content */,
				49620F2D24013D2A00C5F4B8 /* main.storyboard */,
				49EB52AE24160F6700CCE1FD /* MainBackground.swift */,
				49EB52B02418199C00CCE1FD /* EditWorkoutView.swift */,
				C56E127724275C3A00022708 /* EditFormView.swift */,
				49EB52B2241ABA9F00CCE1FD /* DeleteButton.swift */,
				49EB52B4241AC12A00CCE1FD /* EditButton.swift */,
				49EB52B6241AC15D00CCE1FD /* NewWorkoutButton.swift */,
				49EB52B8241AEC2700CCE1FD /* DetailWorkoutView.swift */,
				49EB52BA241AF17300CCE1FD /* NewFormButton.swift */,
			);
			path = kendo;
			sourceTree = "<group>";
		};
		49620F0524010E0C00C5F4B8 /* Preview Content */ = {
			isa = PBXGroup;
			children = (
				49620F0624010E0C00C5F4B8 /* Preview Assets.xcassets */,
			);
			path = "Preview Content";
			sourceTree = "<group>";
		};
		49620F1324010E0C00C5F4B8 /* kendoTests */ = {
			isa = PBXGroup;
			children = (
				49620F1424010E0C00C5F4B8 /* kendoTests.swift */,
				49620F1624010E0C00C5F4B8 /* Info.plist */,
			);
			path = kendoTests;
			sourceTree = "<group>";
		};
		49620F1E24010E0C00C5F4B8 /* kendoUITests */ = {
			isa = PBXGroup;
			children = (
				49620F1F24010E0C00C5F4B8 /* kendoUITests.swift */,
				49620F2124010E0C00C5F4B8 /* Info.plist */,
			);
			path = kendoUITests;
			sourceTree = "<group>";
		};
/* End PBXGroup section */

/* Begin PBXNativeTarget section */
		49620EF924010E0900C5F4B8 /* kendo */ = {
			isa = PBXNativeTarget;
			buildConfigurationList = 49620F2424010E0C00C5F4B8 /* Build configuration list for PBXNativeTarget "kendo" */;
			buildPhases = (
				49620EF624010E0900C5F4B8 /* Sources */,
				49620EF724010E0900C5F4B8 /* Frameworks */,
				49620EF824010E0900C5F4B8 /* Resources */,
			);
			buildRules = (
			);
			dependencies = (
			);
			name = kendo;
			productName = kendo;
			productReference = 49620EFA24010E0900C5F4B8 /* kendo.app */;
			productType = "com.apple.product-type.application";
		};
		49620F0F24010E0C00C5F4B8 /* kendoTests */ = {
			isa = PBXNativeTarget;
			buildConfigurationList = 49620F2724010E0C00C5F4B8 /* Build configuration list for PBXNativeTarget "kendoTests" */;
			buildPhases = (
				49620F0C24010E0C00C5F4B8 /* Sources */,
				49620F0D24010E0C00C5F4B8 /* Frameworks */,
				49620F0E24010E0C00C5F4B8 /* Resources */,
			);
			buildRules = (
			);
			dependencies = (
				49620F1224010E0C00C5F4B8 /* PBXTargetDependency */,
			);
			name = kendoTests;
			productName = kendoTests;
			productReference = 49620F1024010E0C00C5F4B8 /* kendoTests.xctest */;
			productType = "com.apple.product-type.bundle.unit-test";
		};
		49620F1A24010E0C00C5F4B8 /* kendoUITests */ = {
			isa = PBXNativeTarget;
			buildConfigurationList = 49620F2A24010E0C00C5F4B8 /* Build configuration list for PBXNativeTarget "kendoUITests" */;
			buildPhases = (
				49620F1724010E0C00C5F4B8 /* Sources */,
				49620F1824010E0C00C5F4B8 /* Frameworks */,
				49620F1924010E0C00C5F4B8 /* Resources */,
			);
			buildRules = (
			);
			dependencies = (
				49620F1D24010E0C00C5F4B8 /* PBXTargetDependency */,
			);
			name = kendoUITests;
			productName = kendoUITests;
			productReference = 49620F1B24010E0C00C5F4B8 /* kendoUITests.xctest */;
			productType = "com.apple.product-type.bundle.ui-testing";
		};
/* End PBXNativeTarget section */

/* Begin PBXProject section */
		49620EF224010E0900C5F4B8 /* Project object */ = {
			isa = PBXProject;
			attributes = {
				LastSwiftUpdateCheck = 1110;
				LastUpgradeCheck = 1110;
				ORGANIZATIONNAME = 401_group_8;
				TargetAttributes = {
					49620EF924010E0900C5F4B8 = {
						CreatedOnToolsVersion = 11.1;
					};
					49620F0F24010E0C00C5F4B8 = {
						CreatedOnToolsVersion = 11.1;
						TestTargetID = 49620EF924010E0900C5F4B8;
					};
					49620F1A24010E0C00C5F4B8 = {
						CreatedOnToolsVersion = 11.1;
						TestTargetID = 49620EF924010E0900C5F4B8;
					};
				};
			};
			buildConfigurationList = 49620EF524010E0900C5F4B8 /* Build configuration list for PBXProject "kendo" */;
			compatibilityVersion = "Xcode 9.3";
			developmentRegion = en;
			hasScannedForEncodings = 0;
			knownRegions = (
				en,
				Base,
			);
			mainGroup = 49620EF124010E0900C5F4B8;
			productRefGroup = 49620EFB24010E0900C5F4B8 /* Products */;
			projectDirPath = "";
			projectRoot = "";
			targets = (
				49620EF924010E0900C5F4B8 /* kendo */,
				49620F0F24010E0C00C5F4B8 /* kendoTests */,
				49620F1A24010E0C00C5F4B8 /* kendoUITests */,
			);
		};
/* End PBXProject section */

/* Begin PBXResourcesBuildPhase section */
		49620EF824010E0900C5F4B8 /* Resources */ = {
			isa = PBXResourcesBuildPhase;
			buildActionMask = 2147483647;
			files = (
				49620F0A24010E0C00C5F4B8 /* LaunchScreen.storyboard in Resources */,
				49620F0724010E0C00C5F4B8 /* Preview Assets.xcassets in Resources */,
				C5B0B9D4241384F1002F1F1E /* DesignDoc.rtf in Resources */,
				49620F0424010E0C00C5F4B8 /* Assets.xcassets in Resources */,
				49620F2E24013D2A00C5F4B8 /* main.storyboard in Resources */,
			);
			runOnlyForDeploymentPostprocessing = 0;
		};
		49620F0E24010E0C00C5F4B8 /* Resources */ = {
			isa = PBXResourcesBuildPhase;
			buildActionMask = 2147483647;
			files = (
			);
			runOnlyForDeploymentPostprocessing = 0;
		};
		49620F1924010E0C00C5F4B8 /* Resources */ = {
			isa = PBXResourcesBuildPhase;
			buildActionMask = 2147483647;
			files = (
			);
			runOnlyForDeploymentPostprocessing = 0;
		};
/* End PBXResourcesBuildPhase section */

/* Begin PBXSourcesBuildPhase section */
		49620EF624010E0900C5F4B8 /* Sources */ = {
			isa = PBXSourcesBuildPhase;
			buildActionMask = 2147483647;
			files = (
				C5B0B9E22415F3B1002F1F1E /* PauseButton.swift in Sources */,
				C5B0B9D82414393F002F1F1E /* MainViewController.swift in Sources */,
				49EB52B7241AC15D00CCE1FD /* NewWorkoutButton.swift in Sources */,
				C5B0B9D024138182002F1F1E /* WorkoutObject.swift in Sources */,
				C5B0B9DA24143F0A002F1F1E /* WorkoutView.swift in Sources */,
				49EB52B3241ABA9F00CCE1FD /* DeleteButton.swift in Sources */,
				49EB52B12418199C00CCE1FD /* EditWorkoutView.swift in Sources */,
				C5B0B9D62414334C002F1F1E /* MainView.swift in Sources */,
				49620EFE24010E0900C5F4B8 /* AppDelegate.swift in Sources */,
				49620F0024010E0900C5F4B8 /* SceneDelegate.swift in Sources */,
				C56E127824275C3A00022708 /* EditFormView.swift in Sources */,
				C5B0B9E02415EC18002F1F1E /* PausedLabel.swift in Sources */,
				49EB52B9241AEC2700CCE1FD /* DetailWorkoutView.swift in Sources */,
				49EB52B5241AC12A00CCE1FD /* EditButton.swift in Sources */,
				49EB52AF24160F6700CCE1FD /* MainBackground.swift in Sources */,
				C56E127A2427669A00022708 /* Constants.swift in Sources */,
				C5B0B9CE24138110002F1F1E /* WorkoutFormEntry.swift in Sources */,
				49620F0224010E0900C5F4B8 /* ContentView.swift in Sources */,
				49EB52BB241AF17300CCE1FD /* NewFormButton.swift in Sources */,
				C5B0B9DC2414462C002F1F1E /* ActiveWorkoutStore.swift in Sources */,
				C56E127C24285D5F00022708 /* WorkoutPreviewView.swift in Sources */,
			);
			runOnlyForDeploymentPostprocessing = 0;
		};
		49620F0C24010E0C00C5F4B8 /* Sources */ = {
			isa = PBXSourcesBuildPhase;
			buildActionMask = 2147483647;
			files = (
				49620F1524010E0C00C5F4B8 /* kendoTests.swift in Sources */,
			);
			runOnlyForDeploymentPostprocessing = 0;
		};
		49620F1724010E0C00C5F4B8 /* Sources */ = {
			isa = PBXSourcesBuildPhase;
			buildActionMask = 2147483647;
			files = (
				49620F2024010E0C00C5F4B8 /* kendoUITests.swift in Sources */,
			);
			runOnlyForDeploymentPostprocessing = 0;
		};
/* End PBXSourcesBuildPhase section */

/* Begin PBXTargetDependency section */
		49620F1224010E0C00C5F4B8 /* PBXTargetDependency */ = {
			isa = PBXTargetDependency;
			target = 49620EF924010E0900C5F4B8 /* kendo */;
			targetProxy = 49620F1124010E0C00C5F4B8 /* PBXContainerItemProxy */;
		};
		49620F1D24010E0C00C5F4B8 /* PBXTargetDependency */ = {
			isa = PBXTargetDependency;
			target = 49620EF924010E0900C5F4B8 /* kendo */;
			targetProxy = 49620F1C24010E0C00C5F4B8 /* PBXContainerItemProxy */;
		};
/* End PBXTargetDependency section */

/* Begin PBXVariantGroup section */
		49620F0824010E0C00C5F4B8 /* LaunchScreen.storyboard */ = {
			isa = PBXVariantGroup;
			children = (
				49620F0924010E0C00C5F4B8 /* Base */,
			);
			name = LaunchScreen.storyboard;
			sourceTree = "<group>";
		};
/* End PBXVariantGroup section */

/* Begin XCBuildConfiguration section */
		49620F2224010E0C00C5F4B8 /* Debug */ = {
			isa = XCBuildConfiguration;
			buildSettings = {
				ALWAYS_SEARCH_USER_PATHS = NO;
				CLANG_ANALYZER_NONNULL = YES;
				CLANG_ANALYZER_NUMBER_OBJECT_CONVERSION = YES_AGGRESSIVE;
				CLANG_CXX_LANGUAGE_STANDARD = "gnu++14";
				CLANG_CXX_LIBRARY = "libc++";
				CLANG_ENABLE_MODULES = YES;
				CLANG_ENABLE_OBJC_ARC = YES;
				CLANG_ENABLE_OBJC_WEAK = YES;
				CLANG_WARN_BLOCK_CAPTURE_AUTORELEASING = YES;
				CLANG_WARN_BOOL_CONVERSION = YES;
				CLANG_WARN_COMMA = YES;
				CLANG_WARN_CONSTANT_CONVERSION = YES;
				CLANG_WARN_DEPRECATED_OBJC_IMPLEMENTATIONS = YES;
				CLANG_WARN_DIRECT_OBJC_ISA_USAGE = YES_ERROR;
				CLANG_WARN_DOCUMENTATION_COMMENTS = YES;
				CLANG_WARN_EMPTY_BODY = YES;
				CLANG_WARN_ENUM_CONVERSION = YES;
				CLANG_WARN_INFINITE_RECURSION = YES;
				CLANG_WARN_INT_CONVERSION = YES;
				CLANG_WARN_NON_LITERAL_NULL_CONVERSION = YES;
				CLANG_WARN_OBJC_IMPLICIT_RETAIN_SELF = YES;
				CLANG_WARN_OBJC_LITERAL_CONVERSION = YES;
				CLANG_WARN_OBJC_ROOT_CLASS = YES_ERROR;
				CLANG_WARN_RANGE_LOOP_ANALYSIS = YES;
				CLANG_WARN_STRICT_PROTOTYPES = YES;
				CLANG_WARN_SUSPICIOUS_MOVE = YES;
				CLANG_WARN_UNGUARDED_AVAILABILITY = YES_AGGRESSIVE;
				CLANG_WARN_UNREACHABLE_CODE = YES;
				CLANG_WARN__DUPLICATE_METHOD_MATCH = YES;
				COPY_PHASE_STRIP = NO;
				DEBUG_INFORMATION_FORMAT = dwarf;
				ENABLE_STRICT_OBJC_MSGSEND = YES;
				ENABLE_TESTABILITY = YES;
				GCC_C_LANGUAGE_STANDARD = gnu11;
				GCC_DYNAMIC_NO_PIC = NO;
				GCC_NO_COMMON_BLOCKS = YES;
				GCC_OPTIMIZATION_LEVEL = 0;
				GCC_PREPROCESSOR_DEFINITIONS = (
					"DEBUG=1",
					"$(inherited)",
				);
				GCC_WARN_64_TO_32_BIT_CONVERSION = YES;
				GCC_WARN_ABOUT_RETURN_TYPE = YES_ERROR;
				GCC_WARN_UNDECLARED_SELECTOR = YES;
				GCC_WARN_UNINITIALIZED_AUTOS = YES_AGGRESSIVE;
				GCC_WARN_UNUSED_FUNCTION = YES;
				GCC_WARN_UNUSED_VARIABLE = YES;
				IPHONEOS_DEPLOYMENT_TARGET = 13.1;
				MTL_ENABLE_DEBUG_INFO = INCLUDE_SOURCE;
				MTL_FAST_MATH = YES;
				ONLY_ACTIVE_ARCH = YES;
				SDKROOT = iphoneos;
				SWIFT_ACTIVE_COMPILATION_CONDITIONS = DEBUG;
				SWIFT_OPTIMIZATION_LEVEL = "-Onone";
			};
			name = Debug;
		};
		49620F2324010E0C00C5F4B8 /* Release */ = {
			isa = XCBuildConfiguration;
			buildSettings = {
				ALWAYS_SEARCH_USER_PATHS = NO;
				CLANG_ANALYZER_NONNULL = YES;
				CLANG_ANALYZER_NUMBER_OBJECT_CONVERSION = YES_AGGRESSIVE;
				CLANG_CXX_LANGUAGE_STANDARD = "gnu++14";
				CLANG_CXX_LIBRARY = "libc++";
				CLANG_ENABLE_MODULES = YES;
				CLANG_ENABLE_OBJC_ARC = YES;
				CLANG_ENABLE_OBJC_WEAK = YES;
				CLANG_WARN_BLOCK_CAPTURE_AUTORELEASING = YES;
				CLANG_WARN_BOOL_CONVERSION = YES;
				CLANG_WARN_COMMA = YES;
				CLANG_WARN_CONSTANT_CONVERSION = YES;
				CLANG_WARN_DEPRECATED_OBJC_IMPLEMENTATIONS = YES;
				CLANG_WARN_DIRECT_OBJC_ISA_USAGE = YES_ERROR;
				CLANG_WARN_DOCUMENTATION_COMMENTS = YES;
				CLANG_WARN_EMPTY_BODY = YES;
				CLANG_WARN_ENUM_CONVERSION = YES;
				CLANG_WARN_INFINITE_RECURSION = YES;
				CLANG_WARN_INT_CONVERSION = YES;
				CLANG_WARN_NON_LITERAL_NULL_CONVERSION = YES;
				CLANG_WARN_OBJC_IMPLICIT_RETAIN_SELF = YES;
				CLANG_WARN_OBJC_LITERAL_CONVERSION = YES;
				CLANG_WARN_OBJC_ROOT_CLASS = YES_ERROR;
				CLANG_WARN_RANGE_LOOP_ANALYSIS = YES;
				CLANG_WARN_STRICT_PROTOTYPES = YES;
				CLANG_WARN_SUSPICIOUS_MOVE = YES;
				CLANG_WARN_UNGUARDED_AVAILABILITY = YES_AGGRESSIVE;
				CLANG_WARN_UNREACHABLE_CODE = YES;
				CLANG_WARN__DUPLICATE_METHOD_MATCH = YES;
				COPY_PHASE_STRIP = NO;
				DEBUG_INFORMATION_FORMAT = "dwarf-with-dsym";
				ENABLE_NS_ASSERTIONS = NO;
				ENABLE_STRICT_OBJC_MSGSEND = YES;
				GCC_C_LANGUAGE_STANDARD = gnu11;
				GCC_NO_COMMON_BLOCKS = YES;
				GCC_WARN_64_TO_32_BIT_CONVERSION = YES;
				GCC_WARN_ABOUT_RETURN_TYPE = YES_ERROR;
				GCC_WARN_UNDECLARED_SELECTOR = YES;
				GCC_WARN_UNINITIALIZED_AUTOS = YES_AGGRESSIVE;
				GCC_WARN_UNUSED_FUNCTION = YES;
				GCC_WARN_UNUSED_VARIABLE = YES;
				IPHONEOS_DEPLOYMENT_TARGET = 13.1;
				MTL_ENABLE_DEBUG_INFO = NO;
				MTL_FAST_MATH = YES;
				SDKROOT = iphoneos;
				SWIFT_COMPILATION_MODE = wholemodule;
				SWIFT_OPTIMIZATION_LEVEL = "-O";
				VALIDATE_PRODUCT = YES;
			};
			name = Release;
		};
		49620F2524010E0C00C5F4B8 /* Debug */ = {
			isa = XCBuildConfiguration;
			buildSettings = {
				ASSETCATALOG_COMPILER_APPICON_NAME = AppIcon;
				CODE_SIGN_STYLE = Automatic;
				DEVELOPMENT_ASSET_PATHS = "\"kendo/Preview Content\"";
				ENABLE_PREVIEWS = YES;
				INFOPLIST_FILE = kendo/Info.plist;
				LD_RUNPATH_SEARCH_PATHS = (
					"$(inherited)",
					"@executable_path/Frameworks",
				);
				PRODUCT_BUNDLE_IDENTIFIER = com.401Group.kendo;
				PRODUCT_NAME = "$(TARGET_NAME)";
				SWIFT_VERSION = 5.0;
				TARGETED_DEVICE_FAMILY = "1,2";
			};
			name = Debug;
		};
		49620F2624010E0C00C5F4B8 /* Release */ = {
			isa = XCBuildConfiguration;
			buildSettings = {
				ASSETCATALOG_COMPILER_APPICON_NAME = AppIcon;
				CODE_SIGN_STYLE = Automatic;
				DEVELOPMENT_ASSET_PATHS = "\"kendo/Preview Content\"";
				ENABLE_PREVIEWS = YES;
				INFOPLIST_FILE = kendo/Info.plist;
				LD_RUNPATH_SEARCH_PATHS = (
					"$(inherited)",
					"@executable_path/Frameworks",
				);
				PRODUCT_BUNDLE_IDENTIFIER = com.401Group.kendo;
				PRODUCT_NAME = "$(TARGET_NAME)";
				SWIFT_VERSION = 5.0;
				TARGETED_DEVICE_FAMILY = "1,2";
			};
			name = Release;
		};
		49620F2824010E0C00C5F4B8 /* Debug */ = {
			isa = XCBuildConfiguration;
			buildSettings = {
				ALWAYS_EMBED_SWIFT_STANDARD_LIBRARIES = YES;
				BUNDLE_LOADER = "$(TEST_HOST)";
				CODE_SIGN_STYLE = Automatic;
				INFOPLIST_FILE = kendoTests/Info.plist;
				IPHONEOS_DEPLOYMENT_TARGET = 13.1;
				LD_RUNPATH_SEARCH_PATHS = (
					"$(inherited)",
					"@executable_path/Frameworks",
					"@loader_path/Frameworks",
				);
				PRODUCT_BUNDLE_IDENTIFIER = com.401Group.kendoTests;
				PRODUCT_NAME = "$(TARGET_NAME)";
				SWIFT_VERSION = 5.0;
				TARGETED_DEVICE_FAMILY = "1,2";
				TEST_HOST = "$(BUILT_PRODUCTS_DIR)/kendo.app/kendo";
			};
			name = Debug;
		};
		49620F2924010E0C00C5F4B8 /* Release */ = {
			isa = XCBuildConfiguration;
			buildSettings = {
				ALWAYS_EMBED_SWIFT_STANDARD_LIBRARIES = YES;
				BUNDLE_LOADER = "$(TEST_HOST)";
				CODE_SIGN_STYLE = Automatic;
				INFOPLIST_FILE = kendoTests/Info.plist;
				IPHONEOS_DEPLOYMENT_TARGET = 13.1;
				LD_RUNPATH_SEARCH_PATHS = (
					"$(inherited)",
					"@executable_path/Frameworks",
					"@loader_path/Frameworks",
				);
				PRODUCT_BUNDLE_IDENTIFIER = com.401Group.kendoTests;
				PRODUCT_NAME = "$(TARGET_NAME)";
				SWIFT_VERSION = 5.0;
				TARGETED_DEVICE_FAMILY = "1,2";
				TEST_HOST = "$(BUILT_PRODUCTS_DIR)/kendo.app/kendo";
			};
			name = Release;
		};
		49620F2B24010E0C00C5F4B8 /* Debug */ = {
			isa = XCBuildConfiguration;
			buildSettings = {
				ALWAYS_EMBED_SWIFT_STANDARD_LIBRARIES = YES;
				CODE_SIGN_STYLE = Automatic;
				INFOPLIST_FILE = kendoUITests/Info.plist;
				LD_RUNPATH_SEARCH_PATHS = (
					"$(inherited)",
					"@executable_path/Frameworks",
					"@loader_path/Frameworks",
				);
				PRODUCT_BUNDLE_IDENTIFIER = com.401Group.kendoUITests;
				PRODUCT_NAME = "$(TARGET_NAME)";
				SWIFT_VERSION = 5.0;
				TARGETED_DEVICE_FAMILY = "1,2";
				TEST_TARGET_NAME = kendo;
			};
			name = Debug;
		};
		49620F2C24010E0C00C5F4B8 /* Release */ = {
			isa = XCBuildConfiguration;
			buildSettings = {
				ALWAYS_EMBED_SWIFT_STANDARD_LIBRARIES = YES;
				CODE_SIGN_STYLE = Automatic;
				INFOPLIST_FILE = kendoUITests/Info.plist;
				LD_RUNPATH_SEARCH_PATHS = (
					"$(inherited)",
					"@executable_path/Frameworks",
					"@loader_path/Frameworks",
				);
				PRODUCT_BUNDLE_IDENTIFIER = com.401Group.kendoUITests;
				PRODUCT_NAME = "$(TARGET_NAME)";
				SWIFT_VERSION = 5.0;
				TARGETED_DEVICE_FAMILY = "1,2";
				TEST_TARGET_NAME = kendo;
			};
			name = Release;
		};
/* End XCBuildConfiguration section */

/* Begin XCConfigurationList section */
		49620EF524010E0900C5F4B8 /* Build configuration list for PBXProject "kendo" */ = {
			isa = XCConfigurationList;
			buildConfigurations = (
				49620F2224010E0C00C5F4B8 /* Debug */,
				49620F2324010E0C00C5F4B8 /* Release */,
			);
			defaultConfigurationIsVisible = 0;
			defaultConfigurationName = Release;
		};
		49620F2424010E0C00C5F4B8 /* Build configuration list for PBXNativeTarget "kendo" */ = {
			isa = XCConfigurationList;
			buildConfigurations = (
				49620F2524010E0C00C5F4B8 /* Debug */,
				49620F2624010E0C00C5F4B8 /* Release */,
			);
			defaultConfigurationIsVisible = 0;
			defaultConfigurationName = Release;
		};
		49620F2724010E0C00C5F4B8 /* Build configuration list for PBXNativeTarget "kendoTests" */ = {
			isa = XCConfigurationList;
			buildConfigurations = (
				49620F2824010E0C00C5F4B8 /* Debug */,
				49620F2924010E0C00C5F4B8 /* Release */,
			);
			defaultConfigurationIsVisible = 0;
			defaultConfigurationName = Release;
		};
		49620F2A24010E0C00C5F4B8 /* Build configuration list for PBXNativeTarget "kendoUITests" */ = {
			isa = XCConfigurationList;
			buildConfigurations = (
				49620F2B24010E0C00C5F4B8 /* Debug */,
				49620F2C24010E0C00C5F4B8 /* Release */,
			);
			defaultConfigurationIsVisible = 0;
			defaultConfigurationName = Release;
		};
/* End XCConfigurationList section */
	};
	rootObject = 49620EF224010E0900C5F4B8 /* Project object */;
}
